<?xml version="1.0" encoding="utf-8"?>
<Project ToolsVersion="4.0" xmlns="http://schemas.microsoft.com/developer/msbuild/2003">
  <ItemGroup>
    <Filter Include="Sources">
      <UniqueIdentifier>{8b7ed093-66ce-4096-96d2-fbb9faa4bf52}</UniqueIdentifier>
    </Filter>
    <Filter Include="Sources\Modules">
      <UniqueIdentifier>{7b418be2-1631-4a31-9ef2-8a8b234a7339}</UniqueIdentifier>
    </Filter>
    <Filter Include="Sources\Containers">
      <UniqueIdentifier>{afc36133-f401-499a-aa33-0da1e500fb52}</UniqueIdentifier>
    </Filter>
    <Filter Include="Sources\Tools">
      <UniqueIdentifier>{7e4dfaf7-022c-4f7d-92aa-f3b3fa9d6248}</UniqueIdentifier>
    </Filter>
    <Filter Include="Sources\Helpers">
      <UniqueIdentifier>{121f8e6b-df36-4ab0-be0d-601ddfc9e503}</UniqueIdentifier>
    </Filter>
    <Filter Include="Externals">
      <UniqueIdentifier>{4f29327d-0e21-4956-9f87-dabefda99222}</UniqueIdentifier>
    </Filter>
    <Filter Include="Externals\MathGeoLib">
      <UniqueIdentifier>{6ea76a34-6773-48ca-9549-9d577a5fa296}</UniqueIdentifier>
    </Filter>
    <Filter Include="Externals\MathGeoLib\Geometry">
      <UniqueIdentifier>{4147b4a8-944d-4709-9472-487fe3a4158e}</UniqueIdentifier>
    </Filter>
    <Filter Include="Externals\MathGeoLib\Algorithm">
      <UniqueIdentifier>{3a6129ff-2ac3-43a8-a55f-13646d6fe513}</UniqueIdentifier>
    </Filter>
    <Filter Include="Externals\MathGeoLib\Algorithm\Random">
      <UniqueIdentifier>{fab3c220-35ca-45b8-a0e0-fc6bbd2bf19d}</UniqueIdentifier>
    </Filter>
    <Filter Include="Externals\MathGeoLib\Math">
      <UniqueIdentifier>{17dd7ecd-6265-4912-beb0-af8c9268cf20}</UniqueIdentifier>
    </Filter>
    <Filter Include="Externals\MathGeoLib\Time">
      <UniqueIdentifier>{1d07a7ae-7541-4ebe-8134-5a5b5b6088ca}</UniqueIdentifier>
    </Filter>
    <Filter Include="Externals\ImGui">
      <UniqueIdentifier>{1cffe315-5e01-498e-a09f-b8da723b8e84}</UniqueIdentifier>
    </Filter>
    <Filter Include="Externals\ImGui\backends">
      <UniqueIdentifier>{227a6f16-1bd8-4cd9-8d8f-8c75a38cb551}</UniqueIdentifier>
    </Filter>
    <Filter Include="Externals\Optick">
      <UniqueIdentifier>{a4bae3ac-2b44-4fbe-82df-c84fb5ae1ce0}</UniqueIdentifier>
    </Filter>
    <Filter Include="Externals\Parson">
      <UniqueIdentifier>{c3a7d751-931d-45a1-b1e0-b82a22c8c704}</UniqueIdentifier>
    </Filter>
    <Filter Include="Externals\mmgr">
      <UniqueIdentifier>{84360623-1682-42f2-b65a-1dcd2a4ce074}</UniqueIdentifier>
    </Filter>
    <Filter Include="Externals\SDL">
      <UniqueIdentifier>{1123535d-dd20-4d9d-a168-f28f66a627d1}</UniqueIdentifier>
    </Filter>
    <Filter Include="Externals\Glew">
      <UniqueIdentifier>{9177f949-b8af-465d-948d-bc9d2bf09fc7}</UniqueIdentifier>
    </Filter>
    <Filter Include="Externals\stb_image">
      <UniqueIdentifier>{10c8953e-0188-45c6-b3c5-2db04cedcf82}</UniqueIdentifier>
    </Filter>
    <Filter Include="Sources\Tools\Shaders">
      <UniqueIdentifier>{10b8c814-36c8-4f12-93e9-d72c057a2bb3}</UniqueIdentifier>
    </Filter>
    <Filter Include="Sources\Tools\Shaders\GLSL">
      <UniqueIdentifier>{0cdf3689-43eb-48d1-ad72-4aa2394dac16}</UniqueIdentifier>
    </Filter>
  </ItemGroup>
  <ItemGroup>
    <ClInclude Include="Source\Module.h">
      <Filter>Sources\Modules</Filter>
    </ClInclude>
    <ClInclude Include="Source\ModuleCamera3D.h">
      <Filter>Sources\Modules</Filter>
    </ClInclude>
    <ClInclude Include="Source\ModuleInput.h">
      <Filter>Sources\Modules</Filter>
    </ClInclude>
    <ClInclude Include="Source\ModuleRenderer3D.h">
      <Filter>Sources\Modules</Filter>
    </ClInclude>
    <ClInclude Include="Source\ModuleWindow.h">
      <Filter>Sources\Modules</Filter>
    </ClInclude>
    <ClInclude Include="Source\Application.h">
      <Filter>Sources</Filter>
    </ClInclude>
    <ClInclude Include="Source\Globals.h">
      <Filter>Sources</Filter>
    </ClInclude>
    <ClInclude Include="Source\Primitive.h">
      <Filter>Sources\Helpers</Filter>
    </ClInclude>
    <ClInclude Include="Source\Color.h">
      <Filter>Sources\Containers</Filter>
    </ClInclude>
    <ClInclude Include="Source\Light.h">
      <Filter>Sources\Helpers</Filter>
    </ClInclude>
    <ClInclude Include="Source\Timer.h">
      <Filter>Sources\Tools</Filter>
    </ClInclude>
    <ClInclude Include="Source\External\MathGeoLib\include\MathBuildConfig.h">
      <Filter>Externals\MathGeoLib</Filter>
    </ClInclude>
    <ClInclude Include="Source\External\MathGeoLib\include\MathGeoLib.h">
      <Filter>Externals\MathGeoLib</Filter>
    </ClInclude>
    <ClInclude Include="Source\External\MathGeoLib\include\MathGeoLibFwd.h">
      <Filter>Externals\MathGeoLib</Filter>
    </ClInclude>
    <ClInclude Include="Source\External\MathGeoLib\include\Geometry\AABB.h">
      <Filter>Externals\MathGeoLib\Geometry</Filter>
    </ClInclude>
    <ClInclude Include="Source\External\MathGeoLib\include\Geometry\AABB2D.h">
      <Filter>Externals\MathGeoLib\Geometry</Filter>
    </ClInclude>
    <ClInclude Include="Source\External\MathGeoLib\include\Geometry\Capsule.h">
      <Filter>Externals\MathGeoLib\Geometry</Filter>
    </ClInclude>
    <ClInclude Include="Source\External\MathGeoLib\include\Geometry\Circle.h">
      <Filter>Externals\MathGeoLib\Geometry</Filter>
    </ClInclude>
    <ClInclude Include="Source\External\MathGeoLib\include\Geometry\Cone.h">
      <Filter>Externals\MathGeoLib\Geometry</Filter>
    </ClInclude>
    <ClInclude Include="Source\External\MathGeoLib\include\Geometry\Cylinder.h">
      <Filter>Externals\MathGeoLib\Geometry</Filter>
    </ClInclude>
    <ClInclude Include="Source\External\MathGeoLib\include\Geometry\Frustum.h">
      <Filter>Externals\MathGeoLib\Geometry</Filter>
    </ClInclude>
    <ClInclude Include="Source\External\MathGeoLib\include\Geometry\GeometryAll.h">
      <Filter>Externals\MathGeoLib\Geometry</Filter>
    </ClInclude>
    <ClInclude Include="Source\External\MathGeoLib\include\Geometry\GeomType.h">
      <Filter>Externals\MathGeoLib\Geometry</Filter>
    </ClInclude>
    <ClInclude Include="Source\External\MathGeoLib\include\Geometry\HitInfo.h">
      <Filter>Externals\MathGeoLib\Geometry</Filter>
    </ClInclude>
    <ClInclude Include="Source\External\MathGeoLib\include\Geometry\KDTree.h">
      <Filter>Externals\MathGeoLib\Geometry</Filter>
    </ClInclude>
    <ClInclude Include="Source\External\MathGeoLib\include\Geometry\Line.h">
      <Filter>Externals\MathGeoLib\Geometry</Filter>
    </ClInclude>
    <ClInclude Include="Source\External\MathGeoLib\include\Geometry\LineSegment.h">
      <Filter>Externals\MathGeoLib\Geometry</Filter>
    </ClInclude>
    <ClInclude Include="Source\External\MathGeoLib\include\Geometry\OBB.h">
      <Filter>Externals\MathGeoLib\Geometry</Filter>
    </ClInclude>
    <ClInclude Include="Source\External\MathGeoLib\include\Geometry\PBVolume.h">
      <Filter>Externals\MathGeoLib\Geometry</Filter>
    </ClInclude>
    <ClInclude Include="Source\External\MathGeoLib\include\Geometry\Plane.h">
      <Filter>Externals\MathGeoLib\Geometry</Filter>
    </ClInclude>
    <ClInclude Include="Source\External\MathGeoLib\include\Geometry\Polygon.h">
      <Filter>Externals\MathGeoLib\Geometry</Filter>
    </ClInclude>
    <ClInclude Include="Source\External\MathGeoLib\include\Geometry\Polyhedron.h">
      <Filter>Externals\MathGeoLib\Geometry</Filter>
    </ClInclude>
    <ClInclude Include="Source\External\MathGeoLib\include\Geometry\QuadTree.h">
      <Filter>Externals\MathGeoLib\Geometry</Filter>
    </ClInclude>
    <ClInclude Include="Source\External\MathGeoLib\include\Geometry\Ray.h">
      <Filter>Externals\MathGeoLib\Geometry</Filter>
    </ClInclude>
    <ClInclude Include="Source\External\MathGeoLib\include\Geometry\Sphere.h">
      <Filter>Externals\MathGeoLib\Geometry</Filter>
    </ClInclude>
    <ClInclude Include="Source\External\MathGeoLib\include\Geometry\Triangle.h">
      <Filter>Externals\MathGeoLib\Geometry</Filter>
    </ClInclude>
    <ClInclude Include="Source\External\MathGeoLib\include\Geometry\TriangleMesh.h">
      <Filter>Externals\MathGeoLib\Geometry</Filter>
    </ClInclude>
    <ClInclude Include="Source\External\MathGeoLib\include\Algorithm\Random\LCG.h">
      <Filter>Externals\MathGeoLib\Algorithm\Random</Filter>
    </ClInclude>
    <ClInclude Include="Source\External\MathGeoLib\include\Math\TransformOps.h">
      <Filter>Externals\MathGeoLib\Math</Filter>
    </ClInclude>
    <ClInclude Include="Source\External\MathGeoLib\include\Math\assume.h">
      <Filter>Externals\MathGeoLib\Math</Filter>
    </ClInclude>
    <ClInclude Include="Source\External\MathGeoLib\include\Math\BitOps.h">
      <Filter>Externals\MathGeoLib\Math</Filter>
    </ClInclude>
    <ClInclude Include="Source\External\MathGeoLib\include\Math\Complex.h">
      <Filter>Externals\MathGeoLib\Math</Filter>
    </ClInclude>
    <ClInclude Include="Source\External\MathGeoLib\include\Math\CoordinateAxisConvention.h">
      <Filter>Externals\MathGeoLib\Math</Filter>
    </ClInclude>
    <ClInclude Include="Source\External\MathGeoLib\include\Math\FixedPoint.h">
      <Filter>Externals\MathGeoLib\Math</Filter>
    </ClInclude>
    <ClInclude Include="Source\External\MathGeoLib\include\Math\float2.h">
      <Filter>Externals\MathGeoLib\Math</Filter>
    </ClInclude>
    <ClInclude Include="Source\External\MathGeoLib\include\Math\float3.h">
      <Filter>Externals\MathGeoLib\Math</Filter>
    </ClInclude>
    <ClInclude Include="Source\External\MathGeoLib\include\Math\float3x3.h">
      <Filter>Externals\MathGeoLib\Math</Filter>
    </ClInclude>
    <ClInclude Include="Source\External\MathGeoLib\include\Math\float3x4.h">
      <Filter>Externals\MathGeoLib\Math</Filter>
    </ClInclude>
    <ClInclude Include="Source\External\MathGeoLib\include\Math\float4.h">
      <Filter>Externals\MathGeoLib\Math</Filter>
    </ClInclude>
    <ClInclude Include="Source\External\MathGeoLib\include\Math\float4_neon.h">
      <Filter>Externals\MathGeoLib\Math</Filter>
    </ClInclude>
    <ClInclude Include="Source\External\MathGeoLib\include\Math\float4_sse.h">
      <Filter>Externals\MathGeoLib\Math</Filter>
    </ClInclude>
    <ClInclude Include="Source\External\MathGeoLib\include\Math\float4x4.h">
      <Filter>Externals\MathGeoLib\Math</Filter>
    </ClInclude>
    <ClInclude Include="Source\External\MathGeoLib\include\Math\float4x4_neon.h">
      <Filter>Externals\MathGeoLib\Math</Filter>
    </ClInclude>
    <ClInclude Include="Source\External\MathGeoLib\include\Math\float4x4_sse.h">
      <Filter>Externals\MathGeoLib\Math</Filter>
    </ClInclude>
    <ClInclude Include="Source\External\MathGeoLib\include\Math\FloatCmp.h">
      <Filter>Externals\MathGeoLib\Math</Filter>
    </ClInclude>
    <ClInclude Include="Source\External\MathGeoLib\include\Math\MathAll.h">
      <Filter>Externals\MathGeoLib\Math</Filter>
    </ClInclude>
    <ClInclude Include="Source\External\MathGeoLib\include\Math\MathConstants.h">
      <Filter>Externals\MathGeoLib\Math</Filter>
    </ClInclude>
    <ClInclude Include="Source\External\MathGeoLib\include\Math\MathFunc.h">
      <Filter>Externals\MathGeoLib\Math</Filter>
    </ClInclude>
    <ClInclude Include="Source\External\MathGeoLib\include\Math\MathLog.h">
      <Filter>Externals\MathGeoLib\Math</Filter>
    </ClInclude>
    <ClInclude Include="Source\External\MathGeoLib\include\Math\MathNamespace.h">
      <Filter>Externals\MathGeoLib\Math</Filter>
    </ClInclude>
    <ClInclude Include="Source\External\MathGeoLib\include\Math\MathTypes.h">
      <Filter>Externals\MathGeoLib\Math</Filter>
    </ClInclude>
    <ClInclude Include="Source\External\MathGeoLib\include\Math\MatrixProxy.h">
      <Filter>Externals\MathGeoLib\Math</Filter>
    </ClInclude>
    <ClInclude Include="Source\External\MathGeoLib\include\Math\myassert.h">
      <Filter>Externals\MathGeoLib\Math</Filter>
    </ClInclude>
    <ClInclude Include="Source\External\MathGeoLib\include\Math\Polynomial.h">
      <Filter>Externals\MathGeoLib\Math</Filter>
    </ClInclude>
    <ClInclude Include="Source\External\MathGeoLib\include\Math\Quat.h">
      <Filter>Externals\MathGeoLib\Math</Filter>
    </ClInclude>
    <ClInclude Include="Source\External\MathGeoLib\include\Math\quat_simd.h">
      <Filter>Externals\MathGeoLib\Math</Filter>
    </ClInclude>
    <ClInclude Include="Source\External\MathGeoLib\include\Math\Rect.h">
      <Filter>Externals\MathGeoLib\Math</Filter>
    </ClInclude>
    <ClInclude Include="Source\External\MathGeoLib\include\Math\Reinterpret.h">
      <Filter>Externals\MathGeoLib\Math</Filter>
    </ClInclude>
    <ClInclude Include="Source\External\MathGeoLib\include\Math\sse_mathfun.h">
      <Filter>Externals\MathGeoLib\Math</Filter>
    </ClInclude>
    <ClInclude Include="Source\External\MathGeoLib\include\Math\SSEMath.h">
      <Filter>Externals\MathGeoLib\Math</Filter>
    </ClInclude>
    <ClInclude Include="Source\External\MathGeoLib\include\Time\Clock.h">
      <Filter>Externals\MathGeoLib\Time</Filter>
    </ClInclude>
    <ClInclude Include="Source\glmath.h">
      <Filter>Externals</Filter>
    </ClInclude>
    <ClInclude Include="Source\ModuleEditor.h">
      <Filter>Sources\Modules</Filter>
    </ClInclude>
    <ClInclude Include="Source\External\ImGui\imconfig.h">
      <Filter>Externals\ImGui</Filter>
    </ClInclude>
    <ClInclude Include="Source\External\ImGui\imgui.h">
      <Filter>Externals\ImGui</Filter>
    </ClInclude>
    <ClInclude Include="Source\External\ImGui\imgui_internal.h">
      <Filter>Externals\ImGui</Filter>
    </ClInclude>
    <ClInclude Include="Source\External\ImGui\imstb_rectpack.h">
      <Filter>Externals\ImGui</Filter>
    </ClInclude>
    <ClInclude Include="Source\External\ImGui\imstb_textedit.h">
      <Filter>Externals\ImGui</Filter>
    </ClInclude>
    <ClInclude Include="Source\External\ImGui\imstb_truetype.h">
      <Filter>Externals\ImGui</Filter>
    </ClInclude>
    <ClInclude Include="Source\External\ImGui\backends\imgui_impl_opengl3.h">
      <Filter>Externals\ImGui\backends</Filter>
    </ClInclude>
    <ClInclude Include="Source\External\ImGui\backends\imgui_impl_opengl3_loader.h">
      <Filter>Externals\ImGui\backends</Filter>
    </ClInclude>
    <ClInclude Include="Source\External\ImGui\backends\imgui_impl_sdl2.h">
      <Filter>Externals\ImGui\backends</Filter>
    </ClInclude>
    <ClInclude Include="Source\External\ImGui\backends\imgui_impl_sdlrenderer2.h">
      <Filter>Externals\ImGui\backends</Filter>
    </ClInclude>
    <ClInclude Include="Source\External\mmgr\mmgr.h">
      <Filter>Externals\mmgr</Filter>
    </ClInclude>
    <ClInclude Include="Source\External\mmgr\nommgr.h">
      <Filter>Externals\mmgr</Filter>
    </ClInclude>
    <ClInclude Include="Source\External\Parson\parson.h">
      <Filter>Externals\Parson</Filter>
    </ClInclude>
    <ClInclude Include="Source\External\Optick\include\optick.config.h">
      <Filter>Externals\Optick</Filter>
    </ClInclude>
    <ClInclude Include="Source\External\Optick\include\optick.h">
      <Filter>Externals\Optick</Filter>
    </ClInclude>
    <ClInclude Include="Source\External\Glew\include\eglew.h">
      <Filter>Externals\Glew</Filter>
    </ClInclude>
    <ClInclude Include="Source\External\Glew\include\glew.h">
      <Filter>Externals\Glew</Filter>
    </ClInclude>
    <ClInclude Include="Source\External\Glew\include\glxew.h">
      <Filter>Externals\Glew</Filter>
    </ClInclude>
    <ClInclude Include="Source\External\Glew\include\wglew.h">
      <Filter>Externals\Glew</Filter>
    </ClInclude>
    <ClInclude Include="Source\External\SDL\include\begin_code.h">
      <Filter>Externals\SDL</Filter>
    </ClInclude>
    <ClInclude Include="Source\External\SDL\include\close_code.h">
      <Filter>Externals\SDL</Filter>
    </ClInclude>
    <ClInclude Include="Source\External\SDL\include\SDL.h">
      <Filter>Externals\SDL</Filter>
    </ClInclude>
    <ClInclude Include="Source\External\SDL\include\SDL_assert.h">
      <Filter>Externals\SDL</Filter>
    </ClInclude>
    <ClInclude Include="Source\External\SDL\include\SDL_atomic.h">
      <Filter>Externals\SDL</Filter>
    </ClInclude>
    <ClInclude Include="Source\External\SDL\include\SDL_audio.h">
      <Filter>Externals\SDL</Filter>
    </ClInclude>
    <ClInclude Include="Source\External\SDL\include\SDL_bits.h">
      <Filter>Externals\SDL</Filter>
    </ClInclude>
    <ClInclude Include="Source\External\SDL\include\SDL_blendmode.h">
      <Filter>Externals\SDL</Filter>
    </ClInclude>
    <ClInclude Include="Source\External\SDL\include\SDL_clipboard.h">
      <Filter>Externals\SDL</Filter>
    </ClInclude>
    <ClInclude Include="Source\External\SDL\include\SDL_config.h">
      <Filter>Externals\SDL</Filter>
    </ClInclude>
    <ClInclude Include="Source\External\SDL\include\SDL_copying.h">
      <Filter>Externals\SDL</Filter>
    </ClInclude>
    <ClInclude Include="Source\External\SDL\include\SDL_cpuinfo.h">
      <Filter>Externals\SDL</Filter>
    </ClInclude>
    <ClInclude Include="Source\External\SDL\include\SDL_egl.h">
      <Filter>Externals\SDL</Filter>
    </ClInclude>
    <ClInclude Include="Source\External\SDL\include\SDL_endian.h">
      <Filter>Externals\SDL</Filter>
    </ClInclude>
    <ClInclude Include="Source\External\SDL\include\SDL_error.h">
      <Filter>Externals\SDL</Filter>
    </ClInclude>
    <ClInclude Include="Source\External\SDL\include\SDL_events.h">
      <Filter>Externals\SDL</Filter>
    </ClInclude>
    <ClInclude Include="Source\External\SDL\include\SDL_filesystem.h">
      <Filter>Externals\SDL</Filter>
    </ClInclude>
    <ClInclude Include="Source\External\SDL\include\SDL_gamecontroller.h">
      <Filter>Externals\SDL</Filter>
    </ClInclude>
    <ClInclude Include="Source\External\SDL\include\SDL_gesture.h">
      <Filter>Externals\SDL</Filter>
    </ClInclude>
    <ClInclude Include="Source\External\SDL\include\SDL_guid.h">
      <Filter>Externals\SDL</Filter>
    </ClInclude>
    <ClInclude Include="Source\External\SDL\include\SDL_haptic.h">
      <Filter>Externals\SDL</Filter>
    </ClInclude>
    <ClInclude Include="Source\External\SDL\include\SDL_hidapi.h">
      <Filter>Externals\SDL</Filter>
    </ClInclude>
    <ClInclude Include="Source\External\SDL\include\SDL_hints.h">
      <Filter>Externals\SDL</Filter>
    </ClInclude>
    <ClInclude Include="Source\External\SDL\include\SDL_joystick.h">
      <Filter>Externals\SDL</Filter>
    </ClInclude>
    <ClInclude Include="Source\External\SDL\include\SDL_keyboard.h">
      <Filter>Externals\SDL</Filter>
    </ClInclude>
    <ClInclude Include="Source\External\SDL\include\SDL_keycode.h">
      <Filter>Externals\SDL</Filter>
    </ClInclude>
    <ClInclude Include="Source\External\SDL\include\SDL_loadso.h">
      <Filter>Externals\SDL</Filter>
    </ClInclude>
    <ClInclude Include="Source\External\SDL\include\SDL_locale.h">
      <Filter>Externals\SDL</Filter>
    </ClInclude>
    <ClInclude Include="Source\External\SDL\include\SDL_log.h">
      <Filter>Externals\SDL</Filter>
    </ClInclude>
    <ClInclude Include="Source\External\SDL\include\SDL_main.h">
      <Filter>Externals\SDL</Filter>
    </ClInclude>
    <ClInclude Include="Source\External\SDL\include\SDL_messagebox.h">
      <Filter>Externals\SDL</Filter>
    </ClInclude>
    <ClInclude Include="Source\External\SDL\include\SDL_metal.h">
      <Filter>Externals\SDL</Filter>
    </ClInclude>
    <ClInclude Include="Source\External\SDL\include\SDL_misc.h">
      <Filter>Externals\SDL</Filter>
    </ClInclude>
    <ClInclude Include="Source\External\SDL\include\SDL_mouse.h">
      <Filter>Externals\SDL</Filter>
    </ClInclude>
    <ClInclude Include="Source\External\SDL\include\SDL_mutex.h">
      <Filter>Externals\SDL</Filter>
    </ClInclude>
    <ClInclude Include="Source\External\SDL\include\SDL_name.h">
      <Filter>Externals\SDL</Filter>
    </ClInclude>
    <ClInclude Include="Source\External\SDL\include\SDL_opengl.h">
      <Filter>Externals\SDL</Filter>
    </ClInclude>
    <ClInclude Include="Source\External\SDL\include\SDL_opengl_glext.h">
      <Filter>Externals\SDL</Filter>
    </ClInclude>
    <ClInclude Include="Source\External\SDL\include\SDL_opengles.h">
      <Filter>Externals\SDL</Filter>
    </ClInclude>
    <ClInclude Include="Source\External\SDL\include\SDL_opengles2.h">
      <Filter>Externals\SDL</Filter>
    </ClInclude>
    <ClInclude Include="Source\External\SDL\include\SDL_opengles2_gl2.h">
      <Filter>Externals\SDL</Filter>
    </ClInclude>
    <ClInclude Include="Source\External\SDL\include\SDL_opengles2_gl2ext.h">
      <Filter>Externals\SDL</Filter>
    </ClInclude>
    <ClInclude Include="Source\External\SDL\include\SDL_opengles2_gl2platform.h">
      <Filter>Externals\SDL</Filter>
    </ClInclude>
    <ClInclude Include="Source\External\SDL\include\SDL_opengles2_khrplatform.h">
      <Filter>Externals\SDL</Filter>
    </ClInclude>
    <ClInclude Include="Source\External\SDL\include\SDL_pixels.h">
      <Filter>Externals\SDL</Filter>
    </ClInclude>
    <ClInclude Include="Source\External\SDL\include\SDL_platform.h">
      <Filter>Externals\SDL</Filter>
    </ClInclude>
    <ClInclude Include="Source\External\SDL\include\SDL_power.h">
      <Filter>Externals\SDL</Filter>
    </ClInclude>
    <ClInclude Include="Source\External\SDL\include\SDL_quit.h">
      <Filter>Externals\SDL</Filter>
    </ClInclude>
    <ClInclude Include="Source\External\SDL\include\SDL_rect.h">
      <Filter>Externals\SDL</Filter>
    </ClInclude>
    <ClInclude Include="Source\External\SDL\include\SDL_render.h">
      <Filter>Externals\SDL</Filter>
    </ClInclude>
    <ClInclude Include="Source\External\SDL\include\SDL_revision.h">
      <Filter>Externals\SDL</Filter>
    </ClInclude>
    <ClInclude Include="Source\External\SDL\include\SDL_rwops.h">
      <Filter>Externals\SDL</Filter>
    </ClInclude>
    <ClInclude Include="Source\External\SDL\include\SDL_scancode.h">
      <Filter>Externals\SDL</Filter>
    </ClInclude>
    <ClInclude Include="Source\External\SDL\include\SDL_sensor.h">
      <Filter>Externals\SDL</Filter>
    </ClInclude>
    <ClInclude Include="Source\External\SDL\include\SDL_shape.h">
      <Filter>Externals\SDL</Filter>
    </ClInclude>
    <ClInclude Include="Source\External\SDL\include\SDL_stdinc.h">
      <Filter>Externals\SDL</Filter>
    </ClInclude>
    <ClInclude Include="Source\External\SDL\include\SDL_surface.h">
      <Filter>Externals\SDL</Filter>
    </ClInclude>
    <ClInclude Include="Source\External\SDL\include\SDL_system.h">
      <Filter>Externals\SDL</Filter>
    </ClInclude>
    <ClInclude Include="Source\External\SDL\include\SDL_syswm.h">
      <Filter>Externals\SDL</Filter>
    </ClInclude>
    <ClInclude Include="Source\External\SDL\include\SDL_test.h">
      <Filter>Externals\SDL</Filter>
    </ClInclude>
    <ClInclude Include="Source\External\SDL\include\SDL_test_assert.h">
      <Filter>Externals\SDL</Filter>
    </ClInclude>
    <ClInclude Include="Source\External\SDL\include\SDL_test_common.h">
      <Filter>Externals\SDL</Filter>
    </ClInclude>
    <ClInclude Include="Source\External\SDL\include\SDL_test_compare.h">
      <Filter>Externals\SDL</Filter>
    </ClInclude>
    <ClInclude Include="Source\External\SDL\include\SDL_test_crc32.h">
      <Filter>Externals\SDL</Filter>
    </ClInclude>
    <ClInclude Include="Source\External\SDL\include\SDL_test_font.h">
      <Filter>Externals\SDL</Filter>
    </ClInclude>
    <ClInclude Include="Source\External\SDL\include\SDL_test_fuzzer.h">
      <Filter>Externals\SDL</Filter>
    </ClInclude>
    <ClInclude Include="Source\External\SDL\include\SDL_test_harness.h">
      <Filter>Externals\SDL</Filter>
    </ClInclude>
    <ClInclude Include="Source\External\SDL\include\SDL_test_images.h">
      <Filter>Externals\SDL</Filter>
    </ClInclude>
    <ClInclude Include="Source\External\SDL\include\SDL_test_log.h">
      <Filter>Externals\SDL</Filter>
    </ClInclude>
    <ClInclude Include="Source\External\SDL\include\SDL_test_md5.h">
      <Filter>Externals\SDL</Filter>
    </ClInclude>
    <ClInclude Include="Source\External\SDL\include\SDL_test_memory.h">
      <Filter>Externals\SDL</Filter>
    </ClInclude>
    <ClInclude Include="Source\External\SDL\include\SDL_test_random.h">
      <Filter>Externals\SDL</Filter>
    </ClInclude>
    <ClInclude Include="Source\External\SDL\include\SDL_thread.h">
      <Filter>Externals\SDL</Filter>
    </ClInclude>
    <ClInclude Include="Source\External\SDL\include\SDL_timer.h">
      <Filter>Externals\SDL</Filter>
    </ClInclude>
    <ClInclude Include="Source\External\SDL\include\SDL_touch.h">
      <Filter>Externals\SDL</Filter>
    </ClInclude>
    <ClInclude Include="Source\External\SDL\include\SDL_types.h">
      <Filter>Externals\SDL</Filter>
    </ClInclude>
    <ClInclude Include="Source\External\SDL\include\SDL_version.h">
      <Filter>Externals\SDL</Filter>
    </ClInclude>
    <ClInclude Include="Source\External\SDL\include\SDL_video.h">
      <Filter>Externals\SDL</Filter>
    </ClInclude>
    <ClInclude Include="Source\External\SDL\include\SDL_vulkan.h">
      <Filter>Externals\SDL</Filter>
    </ClInclude>
    <ClInclude Include="Source\Log.h">
      <Filter>Sources\Tools</Filter>
    </ClInclude>
    <ClInclude Include="Source\Mesh.h">
      <Filter>Sources\Tools</Filter>
    </ClInclude>
    <ClInclude Include="Source\Model.h">
      <Filter>Sources\Tools</Filter>
    </ClInclude>
    <ClInclude Include="Source\External\stb_image\stb_image.h">
      <Filter>Externals\stb_image</Filter>
    </ClInclude>
    <ClInclude Include="Source\Shader.h">
      <Filter>Sources\Tools\Shaders</Filter>
    </ClInclude>
    <ClInclude Include="Source\Texture.h">
      <Filter>Sources\Tools</Filter>
    </ClInclude>
  </ItemGroup>
  <ItemGroup>
    <ClCompile Include="Source\ModuleCamera3D.cpp">
      <Filter>Sources\Modules</Filter>
    </ClCompile>
    <ClCompile Include="Source\ModuleInput.cpp">
      <Filter>Sources\Modules</Filter>
    </ClCompile>
    <ClCompile Include="Source\ModuleRenderer3D.cpp">
      <Filter>Sources\Modules</Filter>
    </ClCompile>
    <ClCompile Include="Source\ModuleWindow.cpp">
      <Filter>Sources\Modules</Filter>
    </ClCompile>
    <ClCompile Include="Source\Log.cpp">
      <Filter>Sources\Tools</Filter>
    </ClCompile>
    <ClCompile Include="Source\Timer.cpp">
      <Filter>Sources\Tools</Filter>
    </ClCompile>
    <ClCompile Include="Source\Application.cpp">
      <Filter>Sources</Filter>
    </ClCompile>
    <ClCompile Include="Source\Main.cpp">
      <Filter>Sources</Filter>
    </ClCompile>
    <ClCompile Include="Source\Primitive.cpp">
      <Filter>Sources\Helpers</Filter>
    </ClCompile>
    <ClCompile Include="Source\Color.cpp">
      <Filter>Sources\Containers</Filter>
    </ClCompile>
    <ClCompile Include="Source\Light.cpp">
      <Filter>Sources\Helpers</Filter>
    </ClCompile>
    <ClCompile Include="Source\External\MathGeoLib\include\Geometry\AABB.cpp">
      <Filter>Externals\MathGeoLib\Geometry</Filter>
    </ClCompile>
    <ClCompile Include="Source\External\MathGeoLib\include\Geometry\Capsule.cpp">
      <Filter>Externals\MathGeoLib\Geometry</Filter>
    </ClCompile>
    <ClCompile Include="Source\External\MathGeoLib\include\Geometry\Circle.cpp">
      <Filter>Externals\MathGeoLib\Geometry</Filter>
    </ClCompile>
    <ClCompile Include="Source\External\MathGeoLib\include\Geometry\Cone.cpp">
      <Filter>Externals\MathGeoLib\Geometry</Filter>
    </ClCompile>
    <ClCompile Include="Source\External\MathGeoLib\include\Geometry\Cylinder.cpp">
      <Filter>Externals\MathGeoLib\Geometry</Filter>
    </ClCompile>
    <ClCompile Include="Source\External\MathGeoLib\include\Geometry\Frustum.cpp">
      <Filter>Externals\MathGeoLib\Geometry</Filter>
    </ClCompile>
    <ClCompile Include="Source\External\MathGeoLib\include\Geometry\Line.cpp">
      <Filter>Externals\MathGeoLib\Geometry</Filter>
    </ClCompile>
    <ClCompile Include="Source\External\MathGeoLib\include\Geometry\LineSegment.cpp">
      <Filter>Externals\MathGeoLib\Geometry</Filter>
    </ClCompile>
    <ClCompile Include="Source\External\MathGeoLib\include\Geometry\OBB.cpp">
      <Filter>Externals\MathGeoLib\Geometry</Filter>
    </ClCompile>
    <ClCompile Include="Source\External\MathGeoLib\include\Geometry\Plane.cpp">
      <Filter>Externals\MathGeoLib\Geometry</Filter>
    </ClCompile>
    <ClCompile Include="Source\External\MathGeoLib\include\Geometry\Polygon.cpp">
      <Filter>Externals\MathGeoLib\Geometry</Filter>
    </ClCompile>
    <ClCompile Include="Source\External\MathGeoLib\include\Geometry\Polyhedron.cpp">
      <Filter>Externals\MathGeoLib\Geometry</Filter>
    </ClCompile>
    <ClCompile Include="Source\External\MathGeoLib\include\Geometry\Ray.cpp">
      <Filter>Externals\MathGeoLib\Geometry</Filter>
    </ClCompile>
    <ClCompile Include="Source\External\MathGeoLib\include\Geometry\Sphere.cpp">
      <Filter>Externals\MathGeoLib\Geometry</Filter>
    </ClCompile>
    <ClCompile Include="Source\External\MathGeoLib\include\Geometry\Triangle.cpp">
      <Filter>Externals\MathGeoLib\Geometry</Filter>
    </ClCompile>
    <ClCompile Include="Source\External\MathGeoLib\include\Geometry\TriangleMesh.cpp">
      <Filter>Externals\MathGeoLib\Geometry</Filter>
    </ClCompile>
    <ClCompile Include="Source\External\MathGeoLib\include\Algorithm\Random\LCG.cpp">
      <Filter>Externals\MathGeoLib\Algorithm\Random</Filter>
    </ClCompile>
    <ClCompile Include="Source\External\MathGeoLib\include\Math\BitOps.cpp">
      <Filter>Externals\MathGeoLib\Math</Filter>
    </ClCompile>
    <ClCompile Include="Source\External\MathGeoLib\include\Math\float2.cpp">
      <Filter>Externals\MathGeoLib\Math</Filter>
    </ClCompile>
    <ClCompile Include="Source\External\MathGeoLib\include\Math\float3.cpp">
      <Filter>Externals\MathGeoLib\Math</Filter>
    </ClCompile>
    <ClCompile Include="Source\External\MathGeoLib\include\Math\float3x3.cpp">
      <Filter>Externals\MathGeoLib\Math</Filter>
    </ClCompile>
    <ClCompile Include="Source\External\MathGeoLib\include\Math\float3x4.cpp">
      <Filter>Externals\MathGeoLib\Math</Filter>
    </ClCompile>
    <ClCompile Include="Source\External\MathGeoLib\include\Math\float4.cpp">
      <Filter>Externals\MathGeoLib\Math</Filter>
    </ClCompile>
    <ClCompile Include="Source\External\MathGeoLib\include\Math\float4x4.cpp">
      <Filter>Externals\MathGeoLib\Math</Filter>
    </ClCompile>
    <ClCompile Include="Source\External\MathGeoLib\include\Math\MathFunc.cpp">
      <Filter>Externals\MathGeoLib\Math</Filter>
    </ClCompile>
    <ClCompile Include="Source\External\MathGeoLib\include\Math\MathLog.cpp">
      <Filter>Externals\MathGeoLib\Math</Filter>
    </ClCompile>
    <ClCompile Include="Source\External\MathGeoLib\include\Math\MathOps.cpp">
      <Filter>Externals\MathGeoLib\Math</Filter>
    </ClCompile>
    <ClCompile Include="Source\External\MathGeoLib\include\Math\Polynomial.cpp">
      <Filter>Externals\MathGeoLib\Math</Filter>
    </ClCompile>
    <ClCompile Include="Source\External\MathGeoLib\include\Math\Quat.cpp">
      <Filter>Externals\MathGeoLib\Math</Filter>
    </ClCompile>
    <ClCompile Include="Source\External\MathGeoLib\include\Math\SSEMath.cpp">
      <Filter>Externals\MathGeoLib\Math</Filter>
    </ClCompile>
    <ClCompile Include="Source\External\MathGeoLib\include\Math\TransformOps.cpp">
      <Filter>Externals\MathGeoLib\Math</Filter>
    </ClCompile>
    <ClCompile Include="Source\External\MathGeoLib\include\Time\Clock.cpp">
      <Filter>Externals\MathGeoLib\Time</Filter>
    </ClCompile>
    <ClCompile Include="Source\glmath.cpp">
      <Filter>Externals</Filter>
    </ClCompile>
    <ClCompile Include="Source\ModuleEditor.cpp">
      <Filter>Sources\Modules</Filter>
    </ClCompile>
    <ClCompile Include="Source\External\ImGui\imgui.cpp">
      <Filter>Externals\ImGui</Filter>
    </ClCompile>
    <ClCompile Include="Source\External\ImGui\imgui_demo.cpp">
      <Filter>Externals\ImGui</Filter>
    </ClCompile>
    <ClCompile Include="Source\External\ImGui\imgui_draw.cpp">
      <Filter>Externals\ImGui</Filter>
    </ClCompile>
    <ClCompile Include="Source\External\ImGui\imgui_tables.cpp">
      <Filter>Externals\ImGui</Filter>
    </ClCompile>
    <ClCompile Include="Source\External\ImGui\imgui_widgets.cpp">
      <Filter>Externals\ImGui</Filter>
    </ClCompile>
    <ClCompile Include="Source\External\ImGui\backends\imgui_impl_opengl3.cpp">
      <Filter>Externals\ImGui\backends</Filter>
    </ClCompile>
    <ClCompile Include="Source\External\ImGui\backends\imgui_impl_sdl2.cpp">
      <Filter>Externals\ImGui\backends</Filter>
    </ClCompile>
    <ClCompile Include="Source\External\ImGui\backends\imgui_impl_sdlrenderer2.cpp">
      <Filter>Externals\ImGui\backends</Filter>
    </ClCompile>
    <ClCompile Include="Source\External\mmgr\mmgr.cpp">
      <Filter>Externals\mmgr</Filter>
    </ClCompile>
    <ClCompile Include="Source\External\Parson\parson.cpp">
      <Filter>Externals\Parson</Filter>
    </ClCompile>
    <ClCompile Include="Source\Module.cpp">
      <Filter>Sources\Modules</Filter>
    </ClCompile>
    <ClCompile Include="Source\Mesh.cpp">
      <Filter>Sources\Tools</Filter>
    </ClCompile>
    <ClCompile Include="Source\Model.cpp">
      <Filter>Sources\Tools</Filter>
    </ClCompile>
    <ClCompile Include="Source\Shader.cpp">
      <Filter>Sources\Tools\Shaders</Filter>
    </ClCompile>
    <ClCompile Include="Source\Texture.cpp">
      <Filter>Sources\Tools</Filter>
    </ClCompile>
  </ItemGroup>
  <ItemGroup>
    <None Include="Source\External\MathGeoLib\include\Geometry\KDTree.inl">
      <Filter>Externals\MathGeoLib\Geometry</Filter>
    </None>
    <None Include="Source\External\MathGeoLib\include\Geometry\QuadTree.inl">
      <Filter>Externals\MathGeoLib\Geometry</Filter>
    </None>
    <None Include="Source\External\MathGeoLib\include\Geometry\TriangleMesh_IntersectRay_AVX.inl">
      <Filter>Externals\MathGeoLib\Geometry</Filter>
    </None>
    <None Include="Source\External\MathGeoLib\include\Geometry\TriangleMesh_IntersectRay_CPP.inl">
      <Filter>Externals\MathGeoLib\Geometry</Filter>
    </None>
    <None Include="Source\External\MathGeoLib\include\Geometry\TriangleMesh_IntersectRay_SSE.inl">
      <Filter>Externals\MathGeoLib\Geometry</Filter>
    </None>
    <None Include="Source\External\MathGeoLib\include\Math\Matrix.inl">
      <Filter>Externals\MathGeoLib\Math</Filter>
    </None>
    <None Include="Source\shader.fs">
      <Filter>Sources\Tools\Shaders\GLSL</Filter>
    </None>
    <None Include="Source\shader.vs">
      <Filter>Sources\Tools\Shaders\GLSL</Filter>
    </None>
  </ItemGroup>
</Project>